
Microsoft Visual Studio Solution File, Format Version 12.00
# Visual Studio Version 17
VisualStudioVersion = 17.0.31903.59
MinimumVisualStudioVersion = 10.0.40219.1
Project("{2150E333-8FDC-42A3-9474-1A3956D46DE8}") = "src", "src", "{827E0CD3-B72D-47B6-A68D-7590B98EB39B}"
EndProject
Project("{FAE04EC0-301F-11D3-BF4B-00C04F79EFBC}") = "AgentPilot.Domain", "src\AgentPilot.Domain\AgentPilot.Domain.csproj", "{5E181B88-0FDC-4334-94D3-302645096BD4}"
EndProject
Project("{FAE04EC0-301F-11D3-BF4B-00C04F79EFBC}") = "AgentPilot.Application", "src\AgentPilot.Application\AgentPilot.Application.csproj", "{4E1D4EF1-CF65-43DD-9694-B060A3E782DB}"
EndProject
Project("{FAE04EC0-301F-11D3-BF4B-00C04F79EFBC}") = "AgentPilot.Infrastructure", "src\AgentPilot.Infrastructure\AgentPilot.Infrastructure.csproj", "{8D2C4286-B47C-496B-BA87-E9E9B7183DAC}"
EndProject
Project("{FAE04EC0-301F-11D3-BF4B-00C04F79EFBC}") = "AgentPilot.Api", "src\AgentPilot.Api\AgentPilot.Api.csproj", "{E2060FBC-CD56-46C3-AAC0-E92BB4D116F0}"
EndProject
Project("{2150E333-8FDC-42A3-9474-1A3956D46DE8}") = "tests", "tests", "{0AB3BF05-4346-4AA6-1389-037BE0695223}"
EndProject
Project("{FAE04EC0-301F-11D3-BF4B-00C04F79EFBC}") = "AgentPilot.Domain.Tests", "tests\AgentPilot.Domain.Tests\AgentPilot.Domain.Tests.csproj", "{7A1BFD88-1EA1-46AB-9D7B-00E2B96C2AFB}"
EndProject
Project("{FAE04EC0-301F-11D3-BF4B-00C04F79EFBC}") = "AgentPilot.Application.Tests", "tests\AgentPilot.Application.Tests\AgentPilot.Application.Tests.csproj", "{061EAA55-238A-45EA-8450-E7FA0E73A266}"
EndProject
Project("{FAE04EC0-301F-11D3-BF4B-00C04F79EFBC}") = "AgentPilot.Integration.Tests", "tests\AgentPilot.Integration.Tests\AgentPilot.Integration.Tests.csproj", "{3E32B22B-8CE8-4776-AA07-761BA056931B}"
EndProject
Global
	GlobalSection(SolutionConfigurationPlatforms) = preSolution
		Debug|Any CPU = Debug|Any CPU
		Debug|x64 = Debug|x64
		Debug|x86 = Debug|x86
		Release|Any CPU = Release|Any CPU
		Release|x64 = Release|x64
		Release|x86 = Release|x86
	EndGlobalSection
	GlobalSection(ProjectConfigurationPlatforms) = postSolution
		{5E181B88-0FDC-4334-94D3-302645096BD4}.Debug|Any CPU.ActiveCfg = Debug|Any CPU
		{5E181B88-0FDC-4334-94D3-302645096BD4}.Debug|Any CPU.Build.0 = Debug|Any CPU
		{5E181B88-0FDC-4334-94D3-302645096BD4}.Debug|x64.ActiveCfg = Debug|Any CPU
		{5E181B88-0FDC-4334-94D3-302645096BD4}.Debug|x64.Build.0 = Debug|Any CPU
		{5E181B88-0FDC-4334-94D3-302645096BD4}.Debug|x86.ActiveCfg = Debug|Any CPU
		{5E181B88-0FDC-4334-94D3-302645096BD4}.Debug|x86.Build.0 = Debug|Any CPU
		{5E181B88-0FDC-4334-94D3-302645096BD4}.Release|Any CPU.ActiveCfg = Release|Any CPU
		{5E181B88-0FDC-4334-94D3-302645096BD4}.Release|Any CPU.Build.0 = Release|Any CPU
		{5E181B88-0FDC-4334-94D3-302645096BD4}.Release|x64.ActiveCfg = Release|Any CPU
		{5E181B88-0FDC-4334-94D3-302645096BD4}.Release|x64.Build.0 = Release|Any CPU
		{5E181B88-0FDC-4334-94D3-302645096BD4}.Release|x86.ActiveCfg = Release|Any CPU
		{5E181B88-0FDC-4334-94D3-302645096BD4}.Release|x86.Build.0 = Release|Any CPU
		{4E1D4EF1-CF65-43DD-9694-B060A3E782DB}.Debug|Any CPU.ActiveCfg = Debug|Any CPU
		{4E1D4EF1-CF65-43DD-9694-B060A3E782DB}.Debug|Any CPU.Build.0 = Debug|Any CPU
		{4E1D4EF1-CF65-43DD-9694-B060A3E782DB}.Debug|x64.ActiveCfg = Debug|Any CPU
		{4E1D4EF1-CF65-43DD-9694-B060A3E782DB}.Debug|x64.Build.0 = Debug|Any CPU
		{4E1D4EF1-CF65-43DD-9694-B060A3E782DB}.Debug|x86.ActiveCfg = Debug|Any CPU
		{4E1D4EF1-CF65-43DD-9694-B060A3E782DB}.Debug|x86.Build.0 = Debug|Any CPU
		{4E1D4EF1-CF65-43DD-9694-B060A3E782DB}.Release|Any CPU.ActiveCfg = Release|Any CPU
		{4E1D4EF1-CF65-43DD-9694-B060A3E782DB}.Release|Any CPU.Build.0 = Release|Any CPU
		{4E1D4EF1-CF65-43DD-9694-B060A3E782DB}.Release|x64.ActiveCfg = Release|Any CPU
		{4E1D4EF1-CF65-43DD-9694-B060A3E782DB}.Release|x64.Build.0 = Release|Any CPU
		{4E1D4EF1-CF65-43DD-9694-B060A3E782DB}.Release|x86.ActiveCfg = Release|Any CPU
		{4E1D4EF1-CF65-43DD-9694-B060A3E782DB}.Release|x86.Build.0 = Release|Any CPU
		{8D2C4286-B47C-496B-BA87-E9E9B7183DAC}.Debug|Any CPU.ActiveCfg = Debug|Any CPU
		{8D2C4286-B47C-496B-BA87-E9E9B7183DAC}.Debug|Any CPU.Build.0 = Debug|Any CPU
		{8D2C4286-B47C-496B-BA87-E9E9B7183DAC}.Debug|x64.ActiveCfg = Debug|Any CPU
		{8D2C4286-B47C-496B-BA87-E9E9B7183DAC}.Debug|x64.Build.0 = Debug|Any CPU
		{8D2C4286-B47C-496B-BA87-E9E9B7183DAC}.Debug|x86.ActiveCfg = Debug|Any CPU
		{8D2C4286-B47C-496B-BA87-E9E9B7183DAC}.Debug|x86.Build.0 = Debug|Any CPU
		{8D2C4286-B47C-496B-BA87-E9E9B7183DAC}.Release|Any CPU.ActiveCfg = Release|Any CPU
		{8D2C4286-B47C-496B-BA87-E9E9B7183DAC}.Release|Any CPU.Build.0 = Release|Any CPU
		{8D2C4286-B47C-496B-BA87-E9E9B7183DAC}.Release|x64.ActiveCfg = Release|Any CPU
		{8D2C4286-B47C-496B-BA87-E9E9B7183DAC}.Release|x64.Build.0 = Release|Any CPU
		{8D2C4286-B47C-496B-BA87-E9E9B7183DAC}.Release|x86.ActiveCfg = Release|Any CPU
		{8D2C4286-B47C-496B-BA87-E9E9B7183DAC}.Release|x86.Build.0 = Release|Any CPU
		{E2060FBC-CD56-46C3-AAC0-E92BB4D116F0}.Debug|Any CPU.ActiveCfg = Debug|Any CPU
		{E2060FBC-CD56-46C3-AAC0-E92BB4D116F0}.Debug|Any CPU.Build.0 = Debug|Any CPU
		{E2060FBC-CD56-46C3-AAC0-E92BB4D116F0}.Debug|x64.ActiveCfg = Debug|Any CPU
		{E2060FBC-CD56-46C3-AAC0-E92BB4D116F0}.Debug|x64.Build.0 = Debug|Any CPU
		{E2060FBC-CD56-46C3-AAC0-E92BB4D116F0}.Debug|x86.ActiveCfg = Debug|Any CPU
		{E2060FBC-CD56-46C3-AAC0-E92BB4D116F0}.Debug|x86.Build.0 = Debug|Any CPU
		{E2060FBC-CD56-46C3-AAC0-E92BB4D116F0}.Release|Any CPU.ActiveCfg = Release|Any CPU
		{E2060FBC-CD56-46C3-AAC0-E92BB4D116F0}.Release|Any CPU.Build.0 = Release|Any CPU
		{E2060FBC-CD56-46C3-AAC0-E92BB4D116F0}.Release|x64.ActiveCfg = Release|Any CPU
		{E2060FBC-CD56-46C3-AAC0-E92BB4D116F0}.Release|x64.Build.0 = Release|Any CPU
		{E2060FBC-CD56-46C3-AAC0-E92BB4D116F0}.Release|x86.ActiveCfg = Release|Any CPU
		{E2060FBC-CD56-46C3-AAC0-E92BB4D116F0}.Release|x86.Build.0 = Release|Any CPU
		{7A1BFD88-1EA1-46AB-9D7B-00E2B96C2AFB}.Debug|Any CPU.ActiveCfg = Debug|Any CPU
		{7A1BFD88-1EA1-46AB-9D7B-00E2B96C2AFB}.Debug|Any CPU.Build.0 = Debug|Any CPU
		{7A1BFD88-1EA1-46AB-9D7B-00E2B96C2AFB}.Debug|x64.ActiveCfg = Debug|Any CPU
		{7A1BFD88-1EA1-46AB-9D7B-00E2B96C2AFB}.Debug|x64.Build.0 = Debug|Any CPU
		{7A1BFD88-1EA1-46AB-9D7B-00E2B96C2AFB}.Debug|x86.ActiveCfg = Debug|Any CPU
		{7A1BFD88-1EA1-46AB-9D7B-00E2B96C2AFB}.Debug|x86.Build.0 = Debug|Any CPU
		{7A1BFD88-1EA1-46AB-9D7B-00E2B96C2AFB}.Release|Any CPU.ActiveCfg = Release|Any CPU
		{7A1BFD88-1EA1-46AB-9D7B-00E2B96C2AFB}.Release|Any CPU.Build.0 = Release|Any CPU
		{7A1BFD88-1EA1-46AB-9D7B-00E2B96C2AFB}.Release|x64.ActiveCfg = Release|Any CPU
		{7A1BFD88-1EA1-46AB-9D7B-00E2B96C2AFB}.Release|x64.Build.0 = Release|Any CPU
		{7A1BFD88-1EA1-46AB-9D7B-00E2B96C2AFB}.Release|x86.ActiveCfg = Release|Any CPU
		{7A1BFD88-1EA1-46AB-9D7B-00E2B96C2AFB}.Release|x86.Build.0 = Release|Any CPU
		{061EAA55-238A-45EA-8450-E7FA0E73A266}.Debug|Any CPU.ActiveCfg = Debug|Any CPU
		{061EAA55-238A-45EA-8450-E7FA0E73A266}.Debug|Any CPU.Build.0 = Debug|Any CPU
		{061EAA55-238A-45EA-8450-E7FA0E73A266}.Debug|x64.ActiveCfg = Debug|Any CPU
		{061EAA55-238A-45EA-8450-E7FA0E73A266}.Debug|x64.Build.0 = Debug|Any CPU
		{061EAA55-238A-45EA-8450-E7FA0E73A266}.Debug|x86.ActiveCfg = Debug|Any CPU
		{061EAA55-238A-45EA-8450-E7FA0E73A266}.Debug|x86.Build.0 = Debug|Any CPU
		{061EAA55-238A-45EA-8450-E7FA0E73A266}.Release|Any CPU.ActiveCfg = Release|Any CPU
		{061EAA55-238A-45EA-8450-E7FA0E73A266}.Release|Any CPU.Build.0 = Release|Any CPU
		{061EAA55-238A-45EA-8450-E7FA0E73A266}.Release|x64.ActiveCfg = Release|Any CPU
		{061EAA55-238A-45EA-8450-E7FA0E73A266}.Release|x64.Build.0 = Release|Any CPU
		{061EAA55-238A-45EA-8450-E7FA0E73A266}.Release|x86.ActiveCfg = Release|Any CPU
		{061EAA55-238A-45EA-8450-E7FA0E73A266}.Release|x86.Build.0 = Release|Any CPU
		{3E32B22B-8CE8-4776-AA07-761BA056931B}.Debug|Any CPU.ActiveCfg = Debug|Any CPU
		{3E32B22B-8CE8-4776-AA07-761BA056931B}.Debug|Any CPU.Build.0 = Debug|Any CPU
		{3E32B22B-8CE8-4776-AA07-761BA056931B}.Debug|x64.ActiveCfg = Debug|Any CPU
		{3E32B22B-8CE8-4776-AA07-761BA056931B}.Debug|x64.Build.0 = Debug|Any CPU
		{3E32B22B-8CE8-4776-AA07-761BA056931B}.Debug|x86.ActiveCfg = Debug|Any CPU
		{3E32B22B-8CE8-4776-AA07-761BA056931B}.Debug|x86.Build.0 = Debug|Any CPU
		{3E32B22B-8CE8-4776-AA07-761BA056931B}.Release|Any CPU.ActiveCfg = Release|Any CPU
		{3E32B22B-8CE8-4776-AA07-761BA056931B}.Release|Any CPU.Build.0 = Release|Any CPU
		{3E32B22B-8CE8-4776-AA07-761BA056931B}.Release|x64.ActiveCfg = Release|Any CPU
		{3E32B22B-8CE8-4776-AA07-761BA056931B}.Release|x64.Build.0 = Release|Any CPU
		{3E32B22B-8CE8-4776-AA07-761BA056931B}.Release|x86.ActiveCfg = Release|Any CPU
		{3E32B22B-8CE8-4776-AA07-761BA056931B}.Release|x86.Build.0 = Release|Any CPU
	EndGlobalSection
	GlobalSection(SolutionProperties) = preSolution
		HideSolutionNode = FALSE
	EndGlobalSection
	GlobalSection(NestedProjects) = preSolution
		{5E181B88-0FDC-4334-94D3-302645096BD4} = {827E0CD3-B72D-47B6-A68D-7590B98EB39B}
		{4E1D4EF1-CF65-43DD-9694-B060A3E782DB} = {827E0CD3-B72D-47B6-A68D-7590B98EB39B}
		{8D2C4286-B47C-496B-BA87-E9E9B7183DAC} = {827E0CD3-B72D-47B6-A68D-7590B98EB39B}
		{E2060FBC-CD56-46C3-AAC0-E92BB4D116F0} = {827E0CD3-B72D-47B6-A68D-7590B98EB39B}
		{7A1BFD88-1EA1-46AB-9D7B-00E2B96C2AFB} = {0AB3BF05-4346-4AA6-1389-037BE0695223}
		{061EAA55-238A-45EA-8450-E7FA0E73A266} = {0AB3BF05-4346-4AA6-1389-037BE0695223}
		{3E32B22B-8CE8-4776-AA07-761BA056931B} = {0AB3BF05-4346-4AA6-1389-037BE0695223}
	EndGlobalSection
EndGlobal
